
Microsoft Visual Studio Solution File, Format Version 12.00
# Visual Studio Version 17
VisualStudioVersion = 17.14.36121.58
MinimumVisualStudioVersion = 10.0.40219.1
Project("{FAE04EC0-301F-11D3-BF4B-00C04F79EFBC}") = "RabbitMQ.Publisher", "RabbitMQ.Publisher\RabbitMQ.Publisher.csproj", "{4137510A-444C-474F-9044-20D4B7524CAA}"
EndProject
Project("{FAE04EC0-301F-11D3-BF4B-00C04F79EFBC}") = "RabbitMQ.Consumer", "RabbitMQ.Consumer\RabbitMQ.Consumer.csproj", "{A44B2A94-2F7D-4B69-BA87-28EDDD05861B}"
EndProject
Project("{2150E333-8FDC-42A3-9474-1A3956D46DE8}") = "ExchangeTypes", "ExchangeTypes", "{02EA681E-C7D8-13C7-8484-4AC65E1B71E8}"
EndProject
Project("{FAE04EC0-301F-11D3-BF4B-00C04F79EFBC}") = "RabbitMQ.Direct.Exchange.Publisher", "ExchangeTypes\RabbitMQ.Direct.Exchange.Publisher\RabbitMQ.Direct.Exchange.Publisher.csproj", "{0E0E919F-A618-4C6B-B8DE-B480597A43A7}"
EndProject
Project("{FAE04EC0-301F-11D3-BF4B-00C04F79EFBC}") = "RabbitMQ.Direct.Exchange.Consumer", "ExchangeTypes\RabbitMQ.Direct.Exchange.Consumer\RabbitMQ.Direct.Exchange.Consumer.csproj", "{331854D2-1E21-44F9-96B8-04B8DDAE916C}"
EndProject
Project("{FAE04EC0-301F-11D3-BF4B-00C04F79EFBC}") = "RabbitMQ.Fanout.Exchange.Consumer", "ExchangeTypes\RabbitMQ.Fanout.Exchange.Consumer\RabbitMQ.Fanout.Exchange.Consumer.csproj", "{9CD4D7EB-3223-47DC-B59D-393FB7838168}"
EndProject
Project("{FAE04EC0-301F-11D3-BF4B-00C04F79EFBC}") = "RabbitMQ.Fanout.Exchange.Publisher", "ExchangeTypes\RabbitMQ.Fanout.Exchange.Publisher\RabbitMQ.Fanout.Exchange.Publisher.csproj", "{9929ACE7-04D7-4E2B-9FB9-91CA67F47D72}"
EndProject
Project("{FAE04EC0-301F-11D3-BF4B-00C04F79EFBC}") = "RabbitMQ.Topic.Exchange.Consumer", "ExchangeTypes\RabbitMQ.Topic.Exchange.Consumer\RabbitMQ.Topic.Exchange.Consumer.csproj", "{1F756998-907B-43E3-B935-C9A37D5C0908}"
EndProject
Project("{FAE04EC0-301F-11D3-BF4B-00C04F79EFBC}") = "RabbitMQ.Topic.Exchange.Publisher", "ExchangeTypes\RabbitMQ.Topic.Exchange.Publisher\RabbitMQ.Topic.Exchange.Publisher.csproj", "{46F74C43-61F9-4065-BA68-9BEB4CEB825A}"
EndProject
Global
	GlobalSection(SolutionConfigurationPlatforms) = preSolution
		Debug|Any CPU = Debug|Any CPU
		Release|Any CPU = Release|Any CPU
	EndGlobalSection
	GlobalSection(ProjectConfigurationPlatforms) = postSolution
		{4137510A-444C-474F-9044-20D4B7524CAA}.Debug|Any CPU.ActiveCfg = Debug|Any CPU
		{4137510A-444C-474F-9044-20D4B7524CAA}.Debug|Any CPU.Build.0 = Debug|Any CPU
		{4137510A-444C-474F-9044-20D4B7524CAA}.Release|Any CPU.ActiveCfg = Release|Any CPU
		{4137510A-444C-474F-9044-20D4B7524CAA}.Release|Any CPU.Build.0 = Release|Any CPU
		{A44B2A94-2F7D-4B69-BA87-28EDDD05861B}.Debug|Any CPU.ActiveCfg = Debug|Any CPU
		{A44B2A94-2F7D-4B69-BA87-28EDDD05861B}.Debug|Any CPU.Build.0 = Debug|Any CPU
		{A44B2A94-2F7D-4B69-BA87-28EDDD05861B}.Release|Any CPU.ActiveCfg = Release|Any CPU
		{A44B2A94-2F7D-4B69-BA87-28EDDD05861B}.Release|Any CPU.Build.0 = Release|Any CPU
		{0E0E919F-A618-4C6B-B8DE-B480597A43A7}.Debug|Any CPU.ActiveCfg = Debug|Any CPU
		{0E0E919F-A618-4C6B-B8DE-B480597A43A7}.Debug|Any CPU.Build.0 = Debug|Any CPU
		{0E0E919F-A618-4C6B-B8DE-B480597A43A7}.Release|Any CPU.ActiveCfg = Release|Any CPU
		{0E0E919F-A618-4C6B-B8DE-B480597A43A7}.Release|Any CPU.Build.0 = Release|Any CPU
		{331854D2-1E21-44F9-96B8-04B8DDAE916C}.Debug|Any CPU.ActiveCfg = Debug|Any CPU
		{331854D2-1E21-44F9-96B8-04B8DDAE916C}.Debug|Any CPU.Build.0 = Debug|Any CPU
		{331854D2-1E21-44F9-96B8-04B8DDAE916C}.Release|Any CPU.ActiveCfg = Release|Any CPU
		{331854D2-1E21-44F9-96B8-04B8DDAE916C}.Release|Any CPU.Build.0 = Release|Any CPU
		{9CD4D7EB-3223-47DC-B59D-393FB7838168}.Debug|Any CPU.ActiveCfg = Debug|Any CPU
		{9CD4D7EB-3223-47DC-B59D-393FB7838168}.Debug|Any CPU.Build.0 = Debug|Any CPU
		{9CD4D7EB-3223-47DC-B59D-393FB7838168}.Release|Any CPU.ActiveCfg = Release|Any CPU
		{9CD4D7EB-3223-47DC-B59D-393FB7838168}.Release|Any CPU.Build.0 = Release|Any CPU
		{9929ACE7-04D7-4E2B-9FB9-91CA67F47D72}.Debug|Any CPU.ActiveCfg = Debug|Any CPU
		{9929ACE7-04D7-4E2B-9FB9-91CA67F47D72}.Debug|Any CPU.Build.0 = Debug|Any CPU
		{9929ACE7-04D7-4E2B-9FB9-91CA67F47D72}.Release|Any CPU.ActiveCfg = Release|Any CPU
		{9929ACE7-04D7-4E2B-9FB9-91CA67F47D72}.Release|Any CPU.Build.0 = Release|Any CPU
		{1F756998-907B-43E3-B935-C9A37D5C0908}.Debug|Any CPU.ActiveCfg = Debug|Any CPU
		{1F756998-907B-43E3-B935-C9A37D5C0908}.Debug|Any CPU.Build.0 = Debug|Any CPU
		{1F756998-907B-43E3-B935-C9A37D5C0908}.Release|Any CPU.ActiveCfg = Release|Any CPU
		{1F756998-907B-43E3-B935-C9A37D5C0908}.Release|Any CPU.Build.0 = Release|Any CPU
		{46F74C43-61F9-4065-BA68-9BEB4CEB825A}.Debug|Any CPU.ActiveCfg = Debug|Any CPU
		{46F74C43-61F9-4065-BA68-9BEB4CEB825A}.Debug|Any CPU.Build.0 = Debug|Any CPU
		{46F74C43-61F9-4065-BA68-9BEB4CEB825A}.Release|Any CPU.ActiveCfg = Release|Any CPU
		{46F74C43-61F9-4065-BA68-9BEB4CEB825A}.Release|Any CPU.Build.0 = Release|Any CPU
	EndGlobalSection
	GlobalSection(SolutionProperties) = preSolution
		HideSolutionNode = FALSE
	EndGlobalSection
	GlobalSection(NestedProjects) = preSolution
		{0E0E919F-A618-4C6B-B8DE-B480597A43A7} = {02EA681E-C7D8-13C7-8484-4AC65E1B71E8}
		{331854D2-1E21-44F9-96B8-04B8DDAE916C} = {02EA681E-C7D8-13C7-8484-4AC65E1B71E8}
		{9CD4D7EB-3223-47DC-B59D-393FB7838168} = {02EA681E-C7D8-13C7-8484-4AC65E1B71E8}
		{9929ACE7-04D7-4E2B-9FB9-91CA67F47D72} = {02EA681E-C7D8-13C7-8484-4AC65E1B71E8}
		{1F756998-907B-43E3-B935-C9A37D5C0908} = {02EA681E-C7D8-13C7-8484-4AC65E1B71E8}
		{46F74C43-61F9-4065-BA68-9BEB4CEB825A} = {02EA681E-C7D8-13C7-8484-4AC65E1B71E8}
	EndGlobalSection
	GlobalSection(ExtensibilityGlobals) = postSolution
		SolutionGuid = {7703CBA9-354B-46D7-AA1F-761AFFCE7CB9}
	EndGlobalSection
EndGlobal
